
Microsoft Visual Studio Solution File, Format Version 12.00
Project("{2150E333-8FDC-42A3-9474-1A3956D46DE8}") = "src", "src", "{290FA2DB-3D99-46DC-B8E6-3DE8F62FEF1E}"
EndProject
Project("{2150E333-8FDC-42A3-9474-1A3956D46DE8}") = "test", "test", "{6E0DF31F-259E-4BAB-B56E-41964DB0D152}"
EndProject
Project("{2150E333-8FDC-42A3-9474-1A3956D46DE8}") = "Persistence", "Persistence", "{EBEB944E-3103-44E7-83BB-3BCF69EDCD83}"
EndProject
Project("{FAE04EC0-301F-11D3-BF4B-00C04F79EFBC}") = "Otus.SocialNetwork.Persistence", "src\Persistence\Otus.SocialNetwork.Persistence\Otus.SocialNetwork.Persistence.csproj", "{D7BDB3D4-7919-4906-8E05-E20BBC9E0BF1}"
EndProject
Project("{FAE04EC0-301F-11D3-BF4B-00C04F79EFBC}") = "Otus.SocialNetwork.Persistence.Abstranctions", "src\Persistence\Otus.SocialNetwork.Persistence.Abstranctions\Otus.SocialNetwork.Persistence.Abstranctions.csproj", "{76BC5387-84BF-43FF-BA74-75D30E4863B3}"
EndProject
Project("{FAE04EC0-301F-11D3-BF4B-00C04F79EFBC}") = "Otus.SocialNetwork.Domain", "src\Otus.SocialNetwork.Domain\Otus.SocialNetwork.Domain.csproj", "{F912C645-9743-47D6-9A96-B4358C87CECC}"
EndProject
Project("{FAE04EC0-301F-11D3-BF4B-00C04F79EFBC}") = "Otus.SocialNetwork.Application", "src\Otus.SocialNetwork.Application\Otus.SocialNetwork.Application.csproj", "{0A25DD64-7C11-4956-A228-494E57B52788}"
EndProject
Project("{FAE04EC0-301F-11D3-BF4B-00C04F79EFBC}") = "Otus.SocialNetwork", "src\Otus.SocialNetwork\Otus.SocialNetwork.csproj", "{88F43516-4C35-4D09-B921-8296B0BC2691}"
EndProject
Project("{2150E333-8FDC-42A3-9474-1A3956D46DE8}") = "Solution Files", "Solution Files", "{4BDC7AD6-AFA7-4560-BDD7-86DB7422AD36}"
	ProjectSection(SolutionItems) = preProject
		scripts\start_mysql.sh = scripts\start_mysql.sh
		NuGet.config = NuGet.config
		scripts\yc.sh = scripts\yc.sh
		docker-compose.yaml = docker-compose.yaml
		nginx.conf = nginx.conf
		refresh-server.sh = refresh-server.sh
		.gitignore = .gitignore
	EndProjectSection
EndProject
Project("{FAE04EC0-301F-11D3-BF4B-00C04F79EFBC}") = "Otus.SocialNetwork.Web", "src\Otus.SocialNetwork.Web\Otus.SocialNetwork.Web.csproj", "{4AFC36ED-8360-419A-901D-C97EAA5A3189}"
EndProject
Project("{2150E333-8FDC-42A3-9474-1A3956D46DE8}") = "Libs", "Libs", "{244823CF-74C4-4319-B838-0167CFBD11B7}"
EndProject
Project("{FAE04EC0-301F-11D3-BF4B-00C04F79EFBC}") = "Otus.SocialNetwork.Libs.SharedKernel", "src\Libs\Otus.SocialNetwork.Libs.SharedKernel\Otus.SocialNetwork.Libs.SharedKernel.csproj", "{EF183269-281E-4363-8EE3-676CB170FA54}"
EndProject
Project("{2150E333-8FDC-42A3-9474-1A3956D46DE8}") = "Kafka", "Kafka", "{C58FE5D7-B5BA-4621-BCB9-84C943E74535}"
EndProject
Project("{FAE04EC0-301F-11D3-BF4B-00C04F79EFBC}") = "Otus.SocialNetwork.Kafka.Producers.Abstractions", "src\Kafka\Otus.SocialNetwork.Kafka.Producers.Abstractions\Otus.SocialNetwork.Kafka.Producers.Abstractions.csproj", "{2565CE28-F0D1-4C90-888D-CCD188D9AE4B}"
EndProject
Project("{FAE04EC0-301F-11D3-BF4B-00C04F79EFBC}") = "Otus.SocialNetwork.Kafka.Producers", "src\Kafka\Otus.SocialNetwork.Kafka.Producers\Otus.SocialNetwork.Kafka.Producers.csproj", "{34EB1C85-E80F-461D-9194-DB7C397BDDCE}"
EndProject
Project("{FAE04EC0-301F-11D3-BF4B-00C04F79EFBC}") = "Otus.SocialNetwork.Kafka.Consumers", "src\Kafka\Otus.SocialNetwork.Kafka.Consumers\Otus.SocialNetwork.Kafka.Consumers.csproj", "{69A71493-2C83-4AEE-AD35-4C9AA4D86BE6}"
EndProject
Global
	GlobalSection(SolutionConfigurationPlatforms) = preSolution
		Debug|Any CPU = Debug|Any CPU
		Release|Any CPU = Release|Any CPU
	EndGlobalSection
	GlobalSection(ProjectConfigurationPlatforms) = postSolution
		{D7BDB3D4-7919-4906-8E05-E20BBC9E0BF1}.Debug|Any CPU.ActiveCfg = Debug|Any CPU
		{D7BDB3D4-7919-4906-8E05-E20BBC9E0BF1}.Debug|Any CPU.Build.0 = Debug|Any CPU
		{D7BDB3D4-7919-4906-8E05-E20BBC9E0BF1}.Release|Any CPU.ActiveCfg = Release|Any CPU
		{D7BDB3D4-7919-4906-8E05-E20BBC9E0BF1}.Release|Any CPU.Build.0 = Release|Any CPU
		{76BC5387-84BF-43FF-BA74-75D30E4863B3}.Debug|Any CPU.ActiveCfg = Debug|Any CPU
		{76BC5387-84BF-43FF-BA74-75D30E4863B3}.Debug|Any CPU.Build.0 = Debug|Any CPU
		{76BC5387-84BF-43FF-BA74-75D30E4863B3}.Release|Any CPU.ActiveCfg = Release|Any CPU
		{76BC5387-84BF-43FF-BA74-75D30E4863B3}.Release|Any CPU.Build.0 = Release|Any CPU
		{F912C645-9743-47D6-9A96-B4358C87CECC}.Debug|Any CPU.ActiveCfg = Debug|Any CPU
		{F912C645-9743-47D6-9A96-B4358C87CECC}.Debug|Any CPU.Build.0 = Debug|Any CPU
		{F912C645-9743-47D6-9A96-B4358C87CECC}.Release|Any CPU.ActiveCfg = Release|Any CPU
		{F912C645-9743-47D6-9A96-B4358C87CECC}.Release|Any CPU.Build.0 = Release|Any CPU
		{0A25DD64-7C11-4956-A228-494E57B52788}.Debug|Any CPU.ActiveCfg = Debug|Any CPU
		{0A25DD64-7C11-4956-A228-494E57B52788}.Debug|Any CPU.Build.0 = Debug|Any CPU
		{0A25DD64-7C11-4956-A228-494E57B52788}.Release|Any CPU.ActiveCfg = Release|Any CPU
		{0A25DD64-7C11-4956-A228-494E57B52788}.Release|Any CPU.Build.0 = Release|Any CPU
		{88F43516-4C35-4D09-B921-8296B0BC2691}.Debug|Any CPU.ActiveCfg = Debug|Any CPU
		{88F43516-4C35-4D09-B921-8296B0BC2691}.Debug|Any CPU.Build.0 = Debug|Any CPU
		{88F43516-4C35-4D09-B921-8296B0BC2691}.Release|Any CPU.ActiveCfg = Release|Any CPU
		{88F43516-4C35-4D09-B921-8296B0BC2691}.Release|Any CPU.Build.0 = Release|Any CPU
		{4AFC36ED-8360-419A-901D-C97EAA5A3189}.Debug|Any CPU.ActiveCfg = Debug|Any CPU
		{4AFC36ED-8360-419A-901D-C97EAA5A3189}.Debug|Any CPU.Build.0 = Debug|Any CPU
		{4AFC36ED-8360-419A-901D-C97EAA5A3189}.Release|Any CPU.ActiveCfg = Release|Any CPU
		{4AFC36ED-8360-419A-901D-C97EAA5A3189}.Release|Any CPU.Build.0 = Release|Any CPU
		{EF183269-281E-4363-8EE3-676CB170FA54}.Debug|Any CPU.ActiveCfg = Debug|Any CPU
		{EF183269-281E-4363-8EE3-676CB170FA54}.Debug|Any CPU.Build.0 = Debug|Any CPU
		{EF183269-281E-4363-8EE3-676CB170FA54}.Release|Any CPU.ActiveCfg = Release|Any CPU
		{EF183269-281E-4363-8EE3-676CB170FA54}.Release|Any CPU.Build.0 = Release|Any CPU
		{2565CE28-F0D1-4C90-888D-CCD188D9AE4B}.Debug|Any CPU.ActiveCfg = Debug|Any CPU
		{2565CE28-F0D1-4C90-888D-CCD188D9AE4B}.Debug|Any CPU.Build.0 = Debug|Any CPU
		{2565CE28-F0D1-4C90-888D-CCD188D9AE4B}.Release|Any CPU.ActiveCfg = Release|Any CPU
		{2565CE28-F0D1-4C90-888D-CCD188D9AE4B}.Release|Any CPU.Build.0 = Release|Any CPU
		{34EB1C85-E80F-461D-9194-DB7C397BDDCE}.Debug|Any CPU.ActiveCfg = Debug|Any CPU
		{34EB1C85-E80F-461D-9194-DB7C397BDDCE}.Debug|Any CPU.Build.0 = Debug|Any CPU
		{34EB1C85-E80F-461D-9194-DB7C397BDDCE}.Release|Any CPU.ActiveCfg = Release|Any CPU
		{34EB1C85-E80F-461D-9194-DB7C397BDDCE}.Release|Any CPU.Build.0 = Release|Any CPU
		{69A71493-2C83-4AEE-AD35-4C9AA4D86BE6}.Debug|Any CPU.ActiveCfg = Debug|Any CPU
		{69A71493-2C83-4AEE-AD35-4C9AA4D86BE6}.Debug|Any CPU.Build.0 = Debug|Any CPU
		{69A71493-2C83-4AEE-AD35-4C9AA4D86BE6}.Release|Any CPU.ActiveCfg = Release|Any CPU
		{69A71493-2C83-4AEE-AD35-4C9AA4D86BE6}.Release|Any CPU.Build.0 = Release|Any CPU
	EndGlobalSection
	GlobalSection(NestedProjects) = preSolution
		{EBEB944E-3103-44E7-83BB-3BCF69EDCD83} = {290FA2DB-3D99-46DC-B8E6-3DE8F62FEF1E}
		{D7BDB3D4-7919-4906-8E05-E20BBC9E0BF1} = {EBEB944E-3103-44E7-83BB-3BCF69EDCD83}
		{76BC5387-84BF-43FF-BA74-75D30E4863B3} = {EBEB944E-3103-44E7-83BB-3BCF69EDCD83}
		{F912C645-9743-47D6-9A96-B4358C87CECC} = {290FA2DB-3D99-46DC-B8E6-3DE8F62FEF1E}
		{0A25DD64-7C11-4956-A228-494E57B52788} = {290FA2DB-3D99-46DC-B8E6-3DE8F62FEF1E}
		{88F43516-4C35-4D09-B921-8296B0BC2691} = {290FA2DB-3D99-46DC-B8E6-3DE8F62FEF1E}
		{4AFC36ED-8360-419A-901D-C97EAA5A3189} = {290FA2DB-3D99-46DC-B8E6-3DE8F62FEF1E}
		{244823CF-74C4-4319-B838-0167CFBD11B7} = {290FA2DB-3D99-46DC-B8E6-3DE8F62FEF1E}
		{EF183269-281E-4363-8EE3-676CB170FA54} = {244823CF-74C4-4319-B838-0167CFBD11B7}
		{C58FE5D7-B5BA-4621-BCB9-84C943E74535} = {290FA2DB-3D99-46DC-B8E6-3DE8F62FEF1E}
		{2565CE28-F0D1-4C90-888D-CCD188D9AE4B} = {C58FE5D7-B5BA-4621-BCB9-84C943E74535}
		{34EB1C85-E80F-461D-9194-DB7C397BDDCE} = {C58FE5D7-B5BA-4621-BCB9-84C943E74535}
		{69A71493-2C83-4AEE-AD35-4C9AA4D86BE6} = {C58FE5D7-B5BA-4621-BCB9-84C943E74535}
	EndGlobalSection
EndGlobal
